
Microsoft Visual Studio Solution File, Format Version 12.00
# Visual Studio Version 17
VisualStudioVersion = 17.7.34202.233
MinimumVisualStudioVersion = 10.0.40219.1
Project("{9A19103F-16F7-4668-BE54-9A1E7A4F7556}") = "DevMs.Api", "src\API.MSDev\DevMs.Api\DevMs.Api.csproj", "{E13BB93A-E799-4DAA-A09C-A3E019520AAA}"
EndProject
Project("{9A19103F-16F7-4668-BE54-9A1E7A4F7556}") = "DevMS.Business", "src\DevMS.Business\DevMS.Business.csproj", "{F47FEA0C-1BFE-40BE-AA8C-D9C0FA44D468}"
EndProject
Project("{9A19103F-16F7-4668-BE54-9A1E7A4F7556}") = "DevMS.Data", "src\DevMS.Data\DevMS.Data.csproj", "{692A9104-723C-41CB-91D4-E181DBAB8947}"
EndProject
Global
	GlobalSection(SolutionConfigurationPlatforms) = preSolution
		Debug|Any CPU = Debug|Any CPU
		Release|Any CPU = Release|Any CPU
	EndGlobalSection
	GlobalSection(ProjectConfigurationPlatforms) = postSolution
		{E13BB93A-E799-4DAA-A09C-A3E019520AAA}.Debug|Any CPU.ActiveCfg = Debug|Any CPU
		{E13BB93A-E799-4DAA-A09C-A3E019520AAA}.Debug|Any CPU.Build.0 = Debug|Any CPU
		{E13BB93A-E799-4DAA-A09C-A3E019520AAA}.Release|Any CPU.ActiveCfg = Release|Any CPU
		{E13BB93A-E799-4DAA-A09C-A3E019520AAA}.Release|Any CPU.Build.0 = Release|Any CPU
		{F47FEA0C-1BFE-40BE-AA8C-D9C0FA44D468}.Debug|Any CPU.ActiveCfg = Debug|Any CPU
		{F47FEA0C-1BFE-40BE-AA8C-D9C0FA44D468}.Debug|Any CPU.Build.0 = Debug|Any CPU
		{F47FEA0C-1BFE-40BE-AA8C-D9C0FA44D468}.Release|Any CPU.ActiveCfg = Release|Any CPU
		{F47FEA0C-1BFE-40BE-AA8C-D9C0FA44D468}.Release|Any CPU.Build.0 = Release|Any CPU
		{692A9104-723C-41CB-91D4-E181DBAB8947}.Debug|Any CPU.ActiveCfg = Debug|Any CPU
		{692A9104-723C-41CB-91D4-E181DBAB8947}.Debug|Any CPU.Build.0 = Debug|Any CPU
		{692A9104-723C-41CB-91D4-E181DBAB8947}.Release|Any CPU.ActiveCfg = Release|Any CPU
		{692A9104-723C-41CB-91D4-E181DBAB8947}.Release|Any CPU.Build.0 = Release|Any CPU
	EndGlobalSection
	GlobalSection(SolutionProperties) = preSolution
		HideSolutionNode = FALSE
	EndGlobalSection
	GlobalSection(ExtensibilityGlobals) = postSolution
		SolutionGuid = {C302C426-4370-493E-8A75-6267EC85703F}
	EndGlobalSection
EndGlobal
